
Microsoft Visual Studio Solution File, Format Version 12.00
# Visual Studio Version 17
VisualStudioVersion = 17.2.32616.157
MinimumVisualStudioVersion = 10.0.40219.1
Project("{FAE04EC0-301F-11D3-BF4B-00C04F79EFBC}") = "Perficient.Training.JwtAuthentication.Service", "Perficient.Training.JwtAuthentication.Service\Perficient.Training.JwtAuthentication.Service.csproj", "{354792E8-E942-4EBA-919A-9000D6DA47EE}"
EndProject
Global
	GlobalSection(SolutionConfigurationPlatforms) = preSolution
		Debug|Any CPU = Debug|Any CPU
		Release|Any CPU = Release|Any CPU
	EndGlobalSection
	GlobalSection(ProjectConfigurationPlatforms) = postSolution
		{354792E8-E942-4EBA-919A-9000D6DA47EE}.Debug|Any CPU.ActiveCfg = Debug|Any CPU
		{354792E8-E942-4EBA-919A-9000D6DA47EE}.Debug|Any CPU.Build.0 = Debug|Any CPU
		{354792E8-E942-4EBA-919A-9000D6DA47EE}.Release|Any CPU.ActiveCfg = Release|Any CPU
		{354792E8-E942-4EBA-919A-9000D6DA47EE}.Release|Any CPU.Build.0 = Release|Any CPU
	EndGlobalSection
	GlobalSection(SolutionProperties) = preSolution
		HideSolutionNode = FALSE
	EndGlobalSection
	GlobalSection(ExtensibilityGlobals) = postSolution
		SolutionGuid = {10FBFA1C-9B69-4E23-88F3-33D6DD7BE071}
	EndGlobalSection
EndGlobal
